
Microsoft Visual Studio Solution File, Format Version 12.00
# Visual Studio 15
VisualStudioVersion = 15.0.28307.572
MinimumVisualStudioVersion = 10.0.40219.1
Project("{D954291E-2A0B-460D-934E-DC6B0785DB48}") = "BlueteraSdk", "sdk\BlueteraSdk.shproj", "{0FA4EA4C-8B81-4FC7-B788-EF1A3194A56C}"
EndProject
Project("{FAE04EC0-301F-11D3-BF4B-00C04F79EFBC}") = "HelloBlueteraWinRt", "examples\HelloBlueteraWinRt\HelloBlueteraWinRt.csproj", "{6F808625-8F2A-47B6-81A9-31FD6E75CC4F}"
EndProject
Project("{FAE04EC0-301F-11D3-BF4B-00C04F79EFBC}") = "HelloBlueteraWpf", "examples\HelloBlueteraWpf\HelloBlueteraWpf.csproj", "{A462E67B-317B-489B-984F-5402FF0010DB}"
EndProject
Project("{FAE04EC0-301F-11D3-BF4B-00C04F79EFBC}") = "Wrapper", "examples\Wrapper\Wrapper.csproj", "{5594BE5D-8450-407F-ABC9-E182190393EB}"
EndProject
Global
	GlobalSection(SharedMSBuildProjectFiles) = preSolution
		sdk\BlueteraSdk.projitems*{0fa4ea4c-8b81-4fc7-b788-ef1a3194a56c}*SharedItemsImports = 13
		sdk\BlueteraSdk.projitems*{6f808625-8f2a-47b6-81a9-31fd6e75cc4f}*SharedItemsImports = 4
		sdk\BlueteraSdk.projitems*{a462e67b-317b-489b-984f-5402ff0010db}*SharedItemsImports = 4
	EndGlobalSection
	GlobalSection(SolutionConfigurationPlatforms) = preSolution
		Debug|Any CPU = Debug|Any CPU
		Release|Any CPU = Release|Any CPU
	EndGlobalSection
	GlobalSection(ProjectConfigurationPlatforms) = postSolution
		{6F808625-8F2A-47B6-81A9-31FD6E75CC4F}.Debug|Any CPU.ActiveCfg = Debug|Any CPU
		{6F808625-8F2A-47B6-81A9-31FD6E75CC4F}.Debug|Any CPU.Build.0 = Debug|Any CPU
		{6F808625-8F2A-47B6-81A9-31FD6E75CC4F}.Release|Any CPU.ActiveCfg = Release|Any CPU
		{6F808625-8F2A-47B6-81A9-31FD6E75CC4F}.Release|Any CPU.Build.0 = Release|Any CPU
		{A462E67B-317B-489B-984F-5402FF0010DB}.Debug|Any CPU.ActiveCfg = Debug|Any CPU
		{A462E67B-317B-489B-984F-5402FF0010DB}.Debug|Any CPU.Build.0 = Debug|Any CPU
		{A462E67B-317B-489B-984F-5402FF0010DB}.Release|Any CPU.ActiveCfg = Release|Any CPU
		{A462E67B-317B-489B-984F-5402FF0010DB}.Release|Any CPU.Build.0 = Release|Any CPU
		{5594BE5D-8450-407F-ABC9-E182190393EB}.Debug|Any CPU.ActiveCfg = Debug|Any CPU
		{5594BE5D-8450-407F-ABC9-E182190393EB}.Debug|Any CPU.Build.0 = Debug|Any CPU
		{5594BE5D-8450-407F-ABC9-E182190393EB}.Release|Any CPU.ActiveCfg = Release|Any CPU
		{5594BE5D-8450-407F-ABC9-E182190393EB}.Release|Any CPU.Build.0 = Release|Any CPU
	EndGlobalSection
	GlobalSection(SolutionProperties) = preSolution
		HideSolutionNode = FALSE
	EndGlobalSection
	GlobalSection(ExtensibilityGlobals) = postSolution
		SolutionGuid = {8F6E57A3-76FF-44CA-82C9-4F1864B0E002}
	EndGlobalSection
EndGlobal
